
Microsoft Visual Studio Solution File, Format Version 12.00
# Visual Studio Version 17
VisualStudioVersion = 17.3.32811.315
MinimumVisualStudioVersion = 10.0.40219.1
Project("{9A19103F-16F7-4668-BE54-9A1E7A4F7556}") = "SuperAbp.RegionManagement.Domain.Shared", "src\SuperAbp.RegionManagement.Domain.Shared\SuperAbp.RegionManagement.Domain.Shared.csproj", "{D64C1577-4929-4B60-939E-96DE1534891A}"
EndProject
Project("{9A19103F-16F7-4668-BE54-9A1E7A4F7556}") = "SuperAbp.RegionManagement.Domain", "src\SuperAbp.RegionManagement.Domain\SuperAbp.RegionManagement.Domain.csproj", "{F2840BC7-0188-4606-9126-DADD0F5ABF7A}"
EndProject
Project("{9A19103F-16F7-4668-BE54-9A1E7A4F7556}") = "SuperAbp.RegionManagement.Application.Contracts", "src\SuperAbp.RegionManagement.Application.Contracts\SuperAbp.RegionManagement.Application.Contracts.csproj", "{BD65D04F-08D5-40C1-8C24-77CA0BACB877}"
EndProject
Project("{9A19103F-16F7-4668-BE54-9A1E7A4F7556}") = "SuperAbp.RegionManagement.Application", "src\SuperAbp.RegionManagement.Application\SuperAbp.RegionManagement.Application.csproj", "{78040F9E-3501-4A40-82DF-00A597710F35}"
EndProject
Project("{2150E333-8FDC-42A3-9474-1A3956D46DE8}") = "src", "src", "{649A3FFA-182F-4E56-9717-E6A9A2BEC545}"
EndProject
Project("{2150E333-8FDC-42A3-9474-1A3956D46DE8}") = "test", "test", "{CCD2960C-23CC-4AB4-B84D-60C7AAA52F4D}"
EndProject
Project("{2150E333-8FDC-42A3-9474-1A3956D46DE8}") = "host", "host", "{E400416D-2895-4512-9D17-90681EEC7E0A}"
EndProject
Project("{9A19103F-16F7-4668-BE54-9A1E7A4F7556}") = "SuperAbp.RegionManagement.EntityFrameworkCore", "src\SuperAbp.RegionManagement.EntityFrameworkCore\SuperAbp.RegionManagement.EntityFrameworkCore.csproj", "{0CE86223-D31D-4315-A1F5-87BA3EE1B844}"
EndProject
Project("{9A19103F-16F7-4668-BE54-9A1E7A4F7556}") = "SuperAbp.RegionManagement.HttpApi", "src\SuperAbp.RegionManagement.HttpApi\SuperAbp.RegionManagement.HttpApi.csproj", "{077AA5F8-8B61-420C-A6B5-0150A66FDB34}"
EndProject
Project("{9A19103F-16F7-4668-BE54-9A1E7A4F7556}") = "SuperAbp.RegionManagement.TestBase", "test\SuperAbp.RegionManagement.TestBase\SuperAbp.RegionManagement.TestBase.csproj", "{C5BB573D-3030-4BCB-88B7-F6A85C32766C}"
EndProject
Project("{9A19103F-16F7-4668-BE54-9A1E7A4F7556}") = "SuperAbp.RegionManagement.EntityFrameworkCore.Tests", "test\SuperAbp.RegionManagement.EntityFrameworkCore.Tests\SuperAbp.RegionManagement.EntityFrameworkCore.Tests.csproj", "{527F645C-C1FC-406E-8479-81386C8ECF13}"
EndProject
Project("{9A19103F-16F7-4668-BE54-9A1E7A4F7556}") = "SuperAbp.RegionManagement.Domain.Tests", "test\SuperAbp.RegionManagement.Domain.Tests\SuperAbp.RegionManagement.Domain.Tests.csproj", "{E60895E5-79C4-447D-88B7-85CB5BA336A4}"
EndProject
Project("{9A19103F-16F7-4668-BE54-9A1E7A4F7556}") = "SuperAbp.RegionManagement.Application.Tests", "test\SuperAbp.RegionManagement.Application.Tests\SuperAbp.RegionManagement.Application.Tests.csproj", "{90CB5DC4-C040-45C7-8900-9688B26405BC}"
EndProject
Project("{9A19103F-16F7-4668-BE54-9A1E7A4F7556}") = "SuperAbp.RegionManagement.HttpApi.Host", "host\SuperAbp.RegionManagement.HttpApi.Host\SuperAbp.RegionManagement.HttpApi.Host.csproj", "{37B135B0-DAFE-4616-B25C-1BDF32FC44A2}"
EndProject
Project("{9A19103F-16F7-4668-BE54-9A1E7A4F7556}") = "SuperAbp.RegionManagement.AuthServer", "host\SuperAbp.RegionManagement.AuthServer\SuperAbp.RegionManagement.AuthServer.csproj", "{690203F4-3CD5-4569-88D9-EE831EEA5F5F}"
EndProject
Project("{9A19103F-16F7-4668-BE54-9A1E7A4F7556}") = "SuperAbp.RegionManagement.Host.Shared", "host\SuperAbp.RegionManagement.Host.Shared\SuperAbp.RegionManagement.Host.Shared.csproj", "{F6AC8D4A-EDD7-4514-8E8A-5BCB019864DB}"
EndProject
Project("{9A19103F-16F7-4668-BE54-9A1E7A4F7556}") = "SuperAbp.RegionManagement.Admin.Application", "src\SuperAbp.RegionManagement.Admin.Application\SuperAbp.RegionManagement.Admin.Application.csproj", "{CE1037C6-BE94-4D4A-9145-D0138686ED27}"
EndProject
Project("{9A19103F-16F7-4668-BE54-9A1E7A4F7556}") = "SuperAbp.RegionManagement.Admin.Application.Contracts", "src\SuperAbp.RegionManagement.Admin.Application.Contracts\SuperAbp.RegionManagement.Admin.Application.Contracts.csproj", "{1EBA7627-88AA-4850-8BB5-F9058E044C29}"
EndProject
Project("{9A19103F-16F7-4668-BE54-9A1E7A4F7556}") = "SuperAbp.RegionManagement.Admin.HttpApi", "src\SuperAbp.RegionManagement.Admin.HttpApi\SuperAbp.RegionManagement.Admin.HttpApi.csproj", "{F14DCB9A-E1BA-4D0D-84EA-7809600D607B}"
EndProject
Project("{9A19103F-16F7-4668-BE54-9A1E7A4F7556}") = "SuperAbp.RegionManagement.Application.Contracts.Shared", "src\SuperAbp.RegionManagement.Application.Contracts.Shared\SuperAbp.RegionManagement.Application.Contracts.Shared.csproj", "{291E6DBB-CCAC-43DB-A060-B2E9DCD83E32}"
EndProject
Project("{9A19103F-16F7-4668-BE54-9A1E7A4F7556}") = "SuperAbp.RegionManagement.Admin.HttpApi.Host", "host\SuperAbp.RegionManagement.Admin.HttpApi.Host\SuperAbp.RegionManagement.Admin.HttpApi.Host.csproj", "{D4B36025-E44E-4AB1-A003-44953D5E00A8}"
EndProject
Project("{2150E333-8FDC-42A3-9474-1A3956D46DE8}") = "admin", "admin", "{B2565A34-2D50-4348-AF8D-54B3AFAE4332}"
EndProject
Project("{2150E333-8FDC-42A3-9474-1A3956D46DE8}") = "public", "public", "{738623F1-B3C6-4216-A364-D8B5948EE96E}"
EndProject
Project("{2150E333-8FDC-42A3-9474-1A3956D46DE8}") = "domain", "domain", "{A4DAAF2A-CBC6-4E9C-B0C0-49B7C8C29ADE}"
EndProject
Global
	GlobalSection(SolutionConfigurationPlatforms) = preSolution
		Debug|Any CPU = Debug|Any CPU
		Release|Any CPU = Release|Any CPU
	EndGlobalSection
	GlobalSection(ProjectConfigurationPlatforms) = postSolution
		{D64C1577-4929-4B60-939E-96DE1534891A}.Debug|Any CPU.ActiveCfg = Debug|Any CPU
		{D64C1577-4929-4B60-939E-96DE1534891A}.Debug|Any CPU.Build.0 = Debug|Any CPU
		{D64C1577-4929-4B60-939E-96DE1534891A}.Release|Any CPU.ActiveCfg = Release|Any CPU
		{D64C1577-4929-4B60-939E-96DE1534891A}.Release|Any CPU.Build.0 = Release|Any CPU
		{F2840BC7-0188-4606-9126-DADD0F5ABF7A}.Debug|Any CPU.ActiveCfg = Debug|Any CPU
		{F2840BC7-0188-4606-9126-DADD0F5ABF7A}.Debug|Any CPU.Build.0 = Debug|Any CPU
		{F2840BC7-0188-4606-9126-DADD0F5ABF7A}.Release|Any CPU.ActiveCfg = Release|Any CPU
		{F2840BC7-0188-4606-9126-DADD0F5ABF7A}.Release|Any CPU.Build.0 = Release|Any CPU
		{BD65D04F-08D5-40C1-8C24-77CA0BACB877}.Debug|Any CPU.ActiveCfg = Debug|Any CPU
		{BD65D04F-08D5-40C1-8C24-77CA0BACB877}.Debug|Any CPU.Build.0 = Debug|Any CPU
		{BD65D04F-08D5-40C1-8C24-77CA0BACB877}.Release|Any CPU.ActiveCfg = Release|Any CPU
		{BD65D04F-08D5-40C1-8C24-77CA0BACB877}.Release|Any CPU.Build.0 = Release|Any CPU
		{78040F9E-3501-4A40-82DF-00A597710F35}.Debug|Any CPU.ActiveCfg = Debug|Any CPU
		{78040F9E-3501-4A40-82DF-00A597710F35}.Debug|Any CPU.Build.0 = Debug|Any CPU
		{78040F9E-3501-4A40-82DF-00A597710F35}.Release|Any CPU.ActiveCfg = Release|Any CPU
		{78040F9E-3501-4A40-82DF-00A597710F35}.Release|Any CPU.Build.0 = Release|Any CPU
		{0CE86223-D31D-4315-A1F5-87BA3EE1B844}.Debug|Any CPU.ActiveCfg = Debug|Any CPU
		{0CE86223-D31D-4315-A1F5-87BA3EE1B844}.Debug|Any CPU.Build.0 = Debug|Any CPU
		{0CE86223-D31D-4315-A1F5-87BA3EE1B844}.Release|Any CPU.ActiveCfg = Release|Any CPU
		{0CE86223-D31D-4315-A1F5-87BA3EE1B844}.Release|Any CPU.Build.0 = Release|Any CPU
		{077AA5F8-8B61-420C-A6B5-0150A66FDB34}.Debug|Any CPU.ActiveCfg = Debug|Any CPU
		{077AA5F8-8B61-420C-A6B5-0150A66FDB34}.Debug|Any CPU.Build.0 = Debug|Any CPU
		{077AA5F8-8B61-420C-A6B5-0150A66FDB34}.Release|Any CPU.ActiveCfg = Release|Any CPU
		{077AA5F8-8B61-420C-A6B5-0150A66FDB34}.Release|Any CPU.Build.0 = Release|Any CPU
		{C5BB573D-3030-4BCB-88B7-F6A85C32766C}.Debug|Any CPU.ActiveCfg = Debug|Any CPU
		{C5BB573D-3030-4BCB-88B7-F6A85C32766C}.Debug|Any CPU.Build.0 = Debug|Any CPU
		{C5BB573D-3030-4BCB-88B7-F6A85C32766C}.Release|Any CPU.ActiveCfg = Release|Any CPU
		{C5BB573D-3030-4BCB-88B7-F6A85C32766C}.Release|Any CPU.Build.0 = Release|Any CPU
		{527F645C-C1FC-406E-8479-81386C8ECF13}.Debug|Any CPU.ActiveCfg = Debug|Any CPU
		{527F645C-C1FC-406E-8479-81386C8ECF13}.Debug|Any CPU.Build.0 = Debug|Any CPU
		{527F645C-C1FC-406E-8479-81386C8ECF13}.Release|Any CPU.ActiveCfg = Release|Any CPU
		{527F645C-C1FC-406E-8479-81386C8ECF13}.Release|Any CPU.Build.0 = Release|Any CPU
		{E60895E5-79C4-447D-88B7-85CB5BA336A4}.Debug|Any CPU.ActiveCfg = Debug|Any CPU
		{E60895E5-79C4-447D-88B7-85CB5BA336A4}.Debug|Any CPU.Build.0 = Debug|Any CPU
		{E60895E5-79C4-447D-88B7-85CB5BA336A4}.Release|Any CPU.ActiveCfg = Release|Any CPU
		{E60895E5-79C4-447D-88B7-85CB5BA336A4}.Release|Any CPU.Build.0 = Release|Any CPU
		{90CB5DC4-C040-45C7-8900-9688B26405BC}.Debug|Any CPU.ActiveCfg = Debug|Any CPU
		{90CB5DC4-C040-45C7-8900-9688B26405BC}.Debug|Any CPU.Build.0 = Debug|Any CPU
		{90CB5DC4-C040-45C7-8900-9688B26405BC}.Release|Any CPU.ActiveCfg = Release|Any CPU
		{90CB5DC4-C040-45C7-8900-9688B26405BC}.Release|Any CPU.Build.0 = Release|Any CPU
		{37B135B0-DAFE-4616-B25C-1BDF32FC44A2}.Debug|Any CPU.ActiveCfg = Debug|Any CPU
		{37B135B0-DAFE-4616-B25C-1BDF32FC44A2}.Debug|Any CPU.Build.0 = Debug|Any CPU
		{37B135B0-DAFE-4616-B25C-1BDF32FC44A2}.Release|Any CPU.ActiveCfg = Release|Any CPU
		{37B135B0-DAFE-4616-B25C-1BDF32FC44A2}.Release|Any CPU.Build.0 = Release|Any CPU
		{690203F4-3CD5-4569-88D9-EE831EEA5F5F}.Debug|Any CPU.ActiveCfg = Debug|Any CPU
		{690203F4-3CD5-4569-88D9-EE831EEA5F5F}.Debug|Any CPU.Build.0 = Debug|Any CPU
		{690203F4-3CD5-4569-88D9-EE831EEA5F5F}.Release|Any CPU.ActiveCfg = Release|Any CPU
		{690203F4-3CD5-4569-88D9-EE831EEA5F5F}.Release|Any CPU.Build.0 = Release|Any CPU
		{F6AC8D4A-EDD7-4514-8E8A-5BCB019864DB}.Debug|Any CPU.ActiveCfg = Debug|Any CPU
		{F6AC8D4A-EDD7-4514-8E8A-5BCB019864DB}.Debug|Any CPU.Build.0 = Debug|Any CPU
		{F6AC8D4A-EDD7-4514-8E8A-5BCB019864DB}.Release|Any CPU.ActiveCfg = Release|Any CPU
		{F6AC8D4A-EDD7-4514-8E8A-5BCB019864DB}.Release|Any CPU.Build.0 = Release|Any CPU
		{CE1037C6-BE94-4D4A-9145-D0138686ED27}.Debug|Any CPU.ActiveCfg = Debug|Any CPU
		{CE1037C6-BE94-4D4A-9145-D0138686ED27}.Debug|Any CPU.Build.0 = Debug|Any CPU
		{CE1037C6-BE94-4D4A-9145-D0138686ED27}.Release|Any CPU.ActiveCfg = Release|Any CPU
		{CE1037C6-BE94-4D4A-9145-D0138686ED27}.Release|Any CPU.Build.0 = Release|Any CPU
		{1EBA7627-88AA-4850-8BB5-F9058E044C29}.Debug|Any CPU.ActiveCfg = Debug|Any CPU
		{1EBA7627-88AA-4850-8BB5-F9058E044C29}.Debug|Any CPU.Build.0 = Debug|Any CPU
		{1EBA7627-88AA-4850-8BB5-F9058E044C29}.Release|Any CPU.ActiveCfg = Release|Any CPU
		{1EBA7627-88AA-4850-8BB5-F9058E044C29}.Release|Any CPU.Build.0 = Release|Any CPU
		{F14DCB9A-E1BA-4D0D-84EA-7809600D607B}.Debug|Any CPU.ActiveCfg = Debug|Any CPU
		{F14DCB9A-E1BA-4D0D-84EA-7809600D607B}.Debug|Any CPU.Build.0 = Debug|Any CPU
		{F14DCB9A-E1BA-4D0D-84EA-7809600D607B}.Release|Any CPU.ActiveCfg = Release|Any CPU
		{F14DCB9A-E1BA-4D0D-84EA-7809600D607B}.Release|Any CPU.Build.0 = Release|Any CPU
		{291E6DBB-CCAC-43DB-A060-B2E9DCD83E32}.Debug|Any CPU.ActiveCfg = Debug|Any CPU
		{291E6DBB-CCAC-43DB-A060-B2E9DCD83E32}.Debug|Any CPU.Build.0 = Debug|Any CPU
		{291E6DBB-CCAC-43DB-A060-B2E9DCD83E32}.Release|Any CPU.ActiveCfg = Release|Any CPU
		{291E6DBB-CCAC-43DB-A060-B2E9DCD83E32}.Release|Any CPU.Build.0 = Release|Any CPU
		{D4B36025-E44E-4AB1-A003-44953D5E00A8}.Debug|Any CPU.ActiveCfg = Debug|Any CPU
		{D4B36025-E44E-4AB1-A003-44953D5E00A8}.Debug|Any CPU.Build.0 = Debug|Any CPU
		{D4B36025-E44E-4AB1-A003-44953D5E00A8}.Release|Any CPU.ActiveCfg = Release|Any CPU
		{D4B36025-E44E-4AB1-A003-44953D5E00A8}.Release|Any CPU.Build.0 = Release|Any CPU
	EndGlobalSection
	GlobalSection(SolutionProperties) = preSolution
		HideSolutionNode = FALSE
	EndGlobalSection
	GlobalSection(NestedProjects) = preSolution
		{D64C1577-4929-4B60-939E-96DE1534891A} = {A4DAAF2A-CBC6-4E9C-B0C0-49B7C8C29ADE}
		{F2840BC7-0188-4606-9126-DADD0F5ABF7A} = {A4DAAF2A-CBC6-4E9C-B0C0-49B7C8C29ADE}
		{BD65D04F-08D5-40C1-8C24-77CA0BACB877} = {738623F1-B3C6-4216-A364-D8B5948EE96E}
		{78040F9E-3501-4A40-82DF-00A597710F35} = {738623F1-B3C6-4216-A364-D8B5948EE96E}
		{0CE86223-D31D-4315-A1F5-87BA3EE1B844} = {A4DAAF2A-CBC6-4E9C-B0C0-49B7C8C29ADE}
		{077AA5F8-8B61-420C-A6B5-0150A66FDB34} = {738623F1-B3C6-4216-A364-D8B5948EE96E}
		{C5BB573D-3030-4BCB-88B7-F6A85C32766C} = {CCD2960C-23CC-4AB4-B84D-60C7AAA52F4D}
		{527F645C-C1FC-406E-8479-81386C8ECF13} = {CCD2960C-23CC-4AB4-B84D-60C7AAA52F4D}
		{E60895E5-79C4-447D-88B7-85CB5BA336A4} = {CCD2960C-23CC-4AB4-B84D-60C7AAA52F4D}
		{90CB5DC4-C040-45C7-8900-9688B26405BC} = {CCD2960C-23CC-4AB4-B84D-60C7AAA52F4D}
		{37B135B0-DAFE-4616-B25C-1BDF32FC44A2} = {E400416D-2895-4512-9D17-90681EEC7E0A}
		{690203F4-3CD5-4569-88D9-EE831EEA5F5F} = {E400416D-2895-4512-9D17-90681EEC7E0A}
		{F6AC8D4A-EDD7-4514-8E8A-5BCB019864DB} = {E400416D-2895-4512-9D17-90681EEC7E0A}
		{CE1037C6-BE94-4D4A-9145-D0138686ED27} = {B2565A34-2D50-4348-AF8D-54B3AFAE4332}
		{1EBA7627-88AA-4850-8BB5-F9058E044C29} = {B2565A34-2D50-4348-AF8D-54B3AFAE4332}
		{F14DCB9A-E1BA-4D0D-84EA-7809600D607B} = {B2565A34-2D50-4348-AF8D-54B3AFAE4332}
		{291E6DBB-CCAC-43DB-A060-B2E9DCD83E32} = {649A3FFA-182F-4E56-9717-E6A9A2BEC545}
		{D4B36025-E44E-4AB1-A003-44953D5E00A8} = {E400416D-2895-4512-9D17-90681EEC7E0A}
		{B2565A34-2D50-4348-AF8D-54B3AFAE4332} = {649A3FFA-182F-4E56-9717-E6A9A2BEC545}
		{738623F1-B3C6-4216-A364-D8B5948EE96E} = {649A3FFA-182F-4E56-9717-E6A9A2BEC545}
		{A4DAAF2A-CBC6-4E9C-B0C0-49B7C8C29ADE} = {649A3FFA-182F-4E56-9717-E6A9A2BEC545}
	EndGlobalSection
	GlobalSection(ExtensibilityGlobals) = postSolution
		SolutionGuid = {4324B3B4-B60B-4E3C-91D8-59576B4E26DD}
	EndGlobalSection
EndGlobal
